// !$*UTF8*$!
{
	archiveVersion = 1;
	classes = {
	};
	objectVersion = 56;
	objects = {

/* Begin PBXBuildFile section */
		44BBEBBE2C7343A300B3A9B2 /* AppDelegate.swift in Sources */ = {isa = PBXBuildFile; fileRef = 44BBEBBD2C7343A300B3A9B2 /* AppDelegate.swift */; };
		44BBEBC02C7343A300B3A9B2 /* SceneDelegate.swift in Sources */ = {isa = PBXBuildFile; fileRef = 44BBEBBF2C7343A300B3A9B2 /* SceneDelegate.swift */; };
		44BBEBC22C7343A300B3A9B2 /* ViewController.swift in Sources */ = {isa = PBXBuildFile; fileRef = 44BBEBC12C7343A300B3A9B2 /* ViewController.swift */; };
		44BBEBC52C7343A300B3A9B2 /* Main.storyboard in Resources */ = {isa = PBXBuildFile; fileRef = 44BBEBC32C7343A300B3A9B2 /* Main.storyboard */; };
		44BBEBC82C7343A300B3A9B2 /* DrinkTrack.xcdatamodeld in Sources */ = {isa = PBXBuildFile; fileRef = 44BBEBC62C7343A300B3A9B2 /* DrinkTrack.xcdatamodeld */; };
		44BBEBCA2C7343A600B3A9B2 /* Assets.xcassets in Resources */ = {isa = PBXBuildFile; fileRef = 44BBEBC92C7343A600B3A9B2 /* Assets.xcassets */; };
		44BBEBCD2C7343A600B3A9B2 /* LaunchScreen.storyboard in Resources */ = {isa = PBXBuildFile; fileRef = 44BBEBCB2C7343A600B3A9B2 /* LaunchScreen.storyboard */; };
		44BBEBD52C73443D00B3A9B2 /* MainViewController.swift in Sources */ = {isa = PBXBuildFile; fileRef = 44BBEBD42C73443D00B3A9B2 /* MainViewController.swift */; };
/* End PBXBuildFile section */

/* Begin PBXFileReference section */
		44BBEBBA2C7343A300B3A9B2 /* DrinkTrack.app */ = {isa = PBXFileReference; explicitFileType = wrapper.application; includeInIndex = 0; path = DrinkTrack.app; sourceTree = BUILT_PRODUCTS_DIR; };
		44BBEBBD2C7343A300B3A9B2 /* AppDelegate.swift */ = {isa = PBXFileReference; lastKnownFileType = sourcecode.swift; path = AppDelegate.swift; sourceTree = "<group>"; };
		44BBEBBF2C7343A300B3A9B2 /* SceneDelegate.swift */ = {isa = PBXFileReference; lastKnownFileType = sourcecode.swift; path = SceneDelegate.swift; sourceTree = "<group>"; };
		44BBEBC12C7343A300B3A9B2 /* ViewController.swift */ = {isa = PBXFileReference; lastKnownFileType = sourcecode.swift; path = ViewController.swift; sourceTree = "<group>"; };
		44BBEBC42C7343A300B3A9B2 /* Base */ = {isa = PBXFileReference; lastKnownFileType = file.storyboard; name = Base; path = Base.lproj/Main.storyboard; sourceTree = "<group>"; };
		44BBEBC72C7343A300B3A9B2 /* DrinkTrack.xcdatamodel */ = {isa = PBXFileReference; lastKnownFileType = wrapper.xcdatamodel; path = DrinkTrack.xcdatamodel; sourceTree = "<group>"; };
		44BBEBC92C7343A600B3A9B2 /* Assets.xcassets */ = {isa = PBXFileReference; lastKnownFileType = folder.assetcatalog; path = Assets.xcassets; sourceTree = "<group>"; };
		44BBEBCC2C7343A600B3A9B2 /* Base */ = {isa = PBXFileReference; lastKnownFileType = file.storyboard; name = Base; path = Base.lproj/LaunchScreen.storyboard; sourceTree = "<group>"; };
		44BBEBCE2C7343A600B3A9B2 /* Info.plist */ = {isa = PBXFileReference; lastKnownFileType = text.plist.xml; path = Info.plist; sourceTree = "<group>"; };
		44BBEBD42C73443D00B3A9B2 /* MainViewController.swift */ = {isa = PBXFileReference; lastKnownFileType = sourcecode.swift; path = MainViewController.swift; sourceTree = "<group>"; };
/* End PBXFileReference section */

/* Begin PBXFrameworksBuildPhase section */
		44BBEBB72C7343A300B3A9B2 /* Frameworks */ = {
			isa = PBXFrameworksBuildPhase;
			buildActionMask = 2147483647;
			files = (
			);
			runOnlyForDeploymentPostprocessing = 0;
		};
/* End PBXFrameworksBuildPhase section */

/* Begin PBXGroup section */
		44BBEBB12C7343A300B3A9B2 = {
			isa = PBXGroup;
			children = (
				44BBEBBC2C7343A300B3A9B2 /* DrinkTrack */,
				44BBEBBB2C7343A300B3A9B2 /* Products */,
			);
			sourceTree = "<group>";
		};
		44BBEBBB2C7343A300B3A9B2 /* Products */ = {
			isa = PBXGroup;
			children = (
				44BBEBBA2C7343A300B3A9B2 /* DrinkTrack.app */,
			);
			name = Products;
			sourceTree = "<group>";
		};
		44BBEBBC2C7343A300B3A9B2 /* DrinkTrack */ = {
			isa = PBXGroup;
			children = (
				44BBEBBD2C7343A300B3A9B2 /* AppDelegate.swift */,
				44BBEBBF2C7343A300B3A9B2 /* SceneDelegate.swift */,
				44BBEBC12C7343A300B3A9B2 /* ViewController.swift */,
				44BBEBD42C73443D00B3A9B2 /* MainViewController.swift */,
				44BBEBC32C7343A300B3A9B2 /* Main.storyboard */,
				44BBEBC92C7343A600B3A9B2 /* Assets.xcassets */,
				44BBEBCB2C7343A600B3A9B2 /* LaunchScreen.storyboard */,
				44BBEBCE2C7343A600B3A9B2 /* Info.plist */,
				44BBEBC62C7343A300B3A9B2 /* DrinkTrack.xcdatamodeld */,
			);
			path = DrinkTrack;
			sourceTree = "<group>";
		};
/* End PBXGroup section */

/* Begin PBXNativeTarget section */
		44BBEBB92C7343A300B3A9B2 /* DrinkTrack */ = {
			isa = PBXNativeTarget;
			buildConfigurationList = 44BBEBD12C7343A600B3A9B2 /* Build configuration list for PBXNativeTarget "DrinkTrack" */;
			buildPhases = (
				44BBEBB62C7343A300B3A9B2 /* Sources */,
				44BBEBB72C7343A300B3A9B2 /* Frameworks */,
				44BBEBB82C7343A300B3A9B2 /* Resources */,
			);
			buildRules = (
			);
			dependencies = (
			);
			name = DrinkTrack;
			productName = DrinkTrack;
			productReference = 44BBEBBA2C7343A300B3A9B2 /* DrinkTrack.app */;
			productType = "com.apple.product-type.application";
		};
/* End PBXNativeTarget section */

/* Begin PBXProject section */
		44BBEBB22C7343A300B3A9B2 /* Project object */ = {
			isa = PBXProject;
			attributes = {
				BuildIndependentTargetsInParallel = 1;
				LastSwiftUpdateCheck = 1520;
				LastUpgradeCheck = 1520;
				TargetAttributes = {
					44BBEBB92C7343A300B3A9B2 = {
						CreatedOnToolsVersion = 15.2;
					};
				};
			};
			buildConfigurationList = 44BBEBB52C7343A300B3A9B2 /* Build configuration list for PBXProject "DrinkTrack" */;
			compatibilityVersion = "Xcode 14.0";
			developmentRegion = en;
			hasScannedForEncodings = 0;
			knownRegions = (
				en,
				Base,
			);
			mainGroup = 44BBEBB12C7343A300B3A9B2;
			productRefGroup = 44BBEBBB2C7343A300B3A9B2 /* Products */;
			projectDirPath = "";
			projectRoot = "";
			targets = (
				44BBEBB92C7343A300B3A9B2 /* DrinkTrack */,
			);
		};
/* End PBXProject section */

/* Begin PBXResourcesBuildPhase section */
		44BBEBB82C7343A300B3A9B2 /* Resources */ = {
			isa = PBXResourcesBuildPhase;
			buildActionMask = 2147483647;
			files = (
				44BBEBCD2C7343A600B3A9B2 /* LaunchScreen.storyboard in Resources */,
				44BBEBCA2C7343A600B3A9B2 /* Assets.xcassets in Resources */,
				44BBEBC52C7343A300B3A9B2 /* Main.storyboard in Resources */,
			);
			runOnlyForDeploymentPostprocessing = 0;
		};
/* End PBXResourcesBuildPhase section */

/* Begin PBXSourcesBuildPhase section */
		44BBEBB62C7343A300B3A9B2 /* Sources */ = {
			isa = PBXSourcesBuildPhase;
			buildActionMask = 2147483647;
			files = (
				44BBEBC82C7343A300B3A9B2 /* DrinkTrack.xcdatamodeld in Sources */,
				44BBEBC22C7343A300B3A9B2 /* ViewController.swift in Sources */,
				44BBEBBE2C7343A300B3A9B2 /* AppDelegate.swift in Sources */,
				44BBEBC02C7343A300B3A9B2 /* SceneDelegate.swift in Sources */,
				44BBEBD52C73443D00B3A9B2 /* MainViewController.swift in Sources */,
			);
			runOnlyForDeploymentPostprocessing = 0;
		};
/* End PBXSourcesBuildPhase section */

/* Begin PBXVariantGroup section */
		44BBEBC32C7343A300B3A9B2 /* Main.storyboard */ = {
			isa = PBXVariantGroup;
			children = (
				44BBEBC42C7343A300B3A9B2 /* Base */,
			);
			name = Main.storyboard;
			sourceTree = "<group>";
		};
		44BBEBCB2C7343A600B3A9B2 /* LaunchScreen.storyboard */ = {
			isa = PBXVariantGroup;
			children = (
				44BBEBCC2C7343A600B3A9B2 /* Base */,
			);
			name = LaunchScreen.storyboard;
			sourceTree = "<group>";
		};
/* End PBXVariantGroup section */

/* Begin XCBuildConfiguration section */
		44BBEBCF2C7343A600B3A9B2 /* Debug */ = {
			isa = XCBuildConfiguration;
			buildSettings = {
				ALWAYS_SEARCH_USER_PATHS = NO;
				ASSETCATALOG_COMPILER_GENERATE_SWIFT_ASSET_SYMBOL_EXTENSIONS = YES;
				CLANG_ANALYZER_NONNULL = YES;
				CLANG_ANALYZER_NUMBER_OBJECT_CONVERSION = YES_AGGRESSIVE;
				CLANG_CXX_LANGUAGE_STANDARD = "gnu++20";
				CLANG_ENABLE_MODULES = YES;
				CLANG_ENABLE_OBJC_ARC = YES;
				CLANG_ENABLE_OBJC_WEAK = YES;
				CLANG_WARN_BLOCK_CAPTURE_AUTORELEASING = YES;
				CLANG_WARN_BOOL_CONVERSION = YES;
				CLANG_WARN_COMMA = YES;
				CLANG_WARN_CONSTANT_CONVERSION = YES;
				CLANG_WARN_DEPRECATED_OBJC_IMPLEMENTATIONS = YES;
				CLANG_WARN_DIRECT_OBJC_ISA_USAGE = YES_ERROR;
				CLANG_WARN_DOCUMENTATION_COMMENTS = YES;
				CLANG_WARN_EMPTY_BODY = YES;
				CLANG_WARN_ENUM_CONVERSION = YES;
				CLANG_WARN_INFINITE_RECURSION = YES;
				CLANG_WARN_INT_CONVERSION = YES;
				CLANG_WARN_NON_LITERAL_NULL_CONVERSION = YES;
				CLANG_WARN_OBJC_IMPLICIT_RETAIN_SELF = YES;
				CLANG_WARN_OBJC_LITERAL_CONVERSION = YES;
				CLANG_WARN_OBJC_ROOT_CLASS = YES_ERROR;
				CLANG_WARN_QUOTED_INCLUDE_IN_FRAMEWORK_HEADER = YES;
				CLANG_WARN_RANGE_LOOP_ANALYSIS = YES;
				CLANG_WARN_STRICT_PROTOTYPES = YES;
				CLANG_WARN_SUSPICIOUS_MOVE = YES;
				CLANG_WARN_UNGUARDED_AVAILABILITY = YES_AGGRESSIVE;
				CLANG_WARN_UNREACHABLE_CODE = YES;
				CLANG_WARN__DUPLICATE_METHOD_MATCH = YES;
				COPY_PHASE_STRIP = NO;
				DEBUG_INFORMATION_FORMAT = dwarf;
				ENABLE_STRICT_OBJC_MSGSEND = YES;
				ENABLE_TESTABILITY = YES;
				ENABLE_USER_SCRIPT_SANDBOXING = YES;
				GCC_C_LANGUAGE_STANDARD = gnu17;
				GCC_DYNAMIC_NO_PIC = NO;
				GCC_NO_COMMON_BLOCKS = YES;
				GCC_OPTIMIZATION_LEVEL = 0;
				GCC_PREPROCESSOR_DEFINITIONS = (
					"DEBUG=1",
					"$(inherited)",
				);
				GCC_WARN_64_TO_32_BIT_CONVERSION = YES;
				GCC_WARN_ABOUT_RETURN_TYPE = YES_ERROR;
				GCC_WARN_UNDECLARED_SELECTOR = YES;
				GCC_WARN_UNINITIALIZED_AUTOS = YES_AGGRESSIVE;
				GCC_WARN_UNUSED_FUNCTION = YES;
				GCC_WARN_UNUSED_VARIABLE = YES;
				IPHONEOS_DEPLOYMENT_TARGET = 17.2;
				LOCALIZATION_PREFERS_STRING_CATALOGS = YES;
				MTL_ENABLE_DEBUG_INFO = INCLUDE_SOURCE;
				MTL_FAST_MATH = YES;
				ONLY_ACTIVE_ARCH = YES;
				SDKROOT = iphoneos;
				SWIFT_ACTIVE_COMPILATION_CONDITIONS = "DEBUG $(inherited)";
				SWIFT_OPTIMIZATION_LEVEL = "-Onone";
			};
			name = Debug;
		};
		44BBEBD02C7343A600B3A9B2 /* Release */ = {
			isa = XCBuildConfiguration;
			buildSettings = {
				ALWAYS_SEARCH_USER_PATHS = NO;
				ASSETCATALOG_COMPILER_GENERATE_SWIFT_ASSET_SYMBOL_EXTENSIONS = YES;
				CLANG_ANALYZER_NONNULL = YES;
				CLANG_ANALYZER_NUMBER_OBJECT_CONVERSION = YES_AGGRESSIVE;
				CLANG_CXX_LANGUAGE_STANDARD = "gnu++20";
				CLANG_ENABLE_MODULES = YES;
				CLANG_ENABLE_OBJC_ARC = YES;
				CLANG_ENABLE_OBJC_WEAK = YES;
				CLANG_WARN_BLOCK_CAPTURE_AUTORELEASING = YES;
				CLANG_WARN_BOOL_CONVERSION = YES;
				CLANG_WARN_COMMA = YES;
				CLANG_WARN_CONSTANT_CONVERSION = YES;
				CLANG_WARN_DEPRECATED_OBJC_IMPLEMENTATIONS = YES;
				CLANG_WARN_DIRECT_OBJC_ISA_USAGE = YES_ERROR;
				CLANG_WARN_DOCUMENTATION_COMMENTS = YES;
				CLANG_WARN_EMPTY_BODY = YES;
				CLANG_WARN_ENUM_CONVERSION = YES;
				CLANG_WARN_INFINITE_RECURSION = YES;
				CLANG_WARN_INT_CONVERSION = YES;
				CLANG_WARN_NON_LITERAL_NULL_CONVERSION = YES;
				CLANG_WARN_OBJC_IMPLICIT_RETAIN_SELF = YES;
				CLANG_WARN_OBJC_LITERAL_CONVERSION = YES;
				CLANG_WARN_OBJC_ROOT_CLASS = YES_ERROR;
				CLANG_WARN_QUOTED_INCLUDE_IN_FRAMEWORK_HEADER = YES;
				CLANG_WARN_RANGE_LOOP_ANALYSIS = YES;
				CLANG_WARN_STRICT_PROTOTYPES = YES;
				CLANG_WARN_SUSPICIOUS_MOVE = YES;
				CLANG_WARN_UNGUARDED_AVAILABILITY = YES_AGGRESSIVE;
				CLANG_WARN_UNREACHABLE_CODE = YES;
				CLANG_WARN__DUPLICATE_METHOD_MATCH = YES;
				COPY_PHASE_STRIP = NO;
				DEBUG_INFORMATION_FORMAT = "dwarf-with-dsym";
				ENABLE_NS_ASSERTIONS = NO;
				ENABLE_STRICT_OBJC_MSGSEND = YES;
				ENABLE_USER_SCRIPT_SANDBOXING = YES;
				GCC_C_LANGUAGE_STANDARD = gnu17;
				GCC_NO_COMMON_BLOCKS = YES;
				GCC_WARN_64_TO_32_BIT_CONVERSION = YES;
				GCC_WARN_ABOUT_RETURN_TYPE = YES_ERROR;
				GCC_WARN_UNDECLARED_SELECTOR = YES;
				GCC_WARN_UNINITIALIZED_AUTOS = YES_AGGRESSIVE;
				GCC_WARN_UNUSED_FUNCTION = YES;
				GCC_WARN_UNUSED_VARIABLE = YES;
				IPHONEOS_DEPLOYMENT_TARGET = 17.2;
				LOCALIZATION_PREFERS_STRING_CATALOGS = YES;
				MTL_ENABLE_DEBUG_INFO = NO;
				MTL_FAST_MATH = YES;
				SDKROOT = iphoneos;
				SWIFT_COMPILATION_MODE = wholemodule;
				VALIDATE_PRODUCT = YES;
			};
			name = Release;
		};
		44BBEBD22C7343A600B3A9B2 /* Debug */ = {
			isa = XCBuildConfiguration;
			buildSettings = {
				ASSETCATALOG_COMPILER_APPICON_NAME = AppIcon;
				ASSETCATALOG_COMPILER_GLOBAL_ACCENT_COLOR_NAME = AccentColor;
				CODE_SIGN_STYLE = Automatic;
				CURRENT_PROJECT_VERSION = 1;
				DEVELOPMENT_TEAM = 38GUMQYKGG;
				GENERATE_INFOPLIST_FILE = YES;
				INFOPLIST_FILE = DrinkTrack/Info.plist;
				INFOPLIST_KEY_UIApplicationSupportsIndirectInputEvents = YES;
				INFOPLIST_KEY_UILaunchStoryboardName = LaunchScreen;
				INFOPLIST_KEY_UIMainStoryboardFile = Main;
				INFOPLIST_KEY_UISupportedInterfaceOrientations_iPad = "UIInterfaceOrientationPortrait UIInterfaceOrientationPortraitUpsideDown UIInterfaceOrientationLandscapeLeft UIInterfaceOrientationLandscapeRight";
				INFOPLIST_KEY_UISupportedInterfaceOrientations_iPhone = "UIInterfaceOrientationPortrait UIInterfaceOrientationLandscapeLeft UIInterfaceOrientationLandscapeRight";
				IPHONEOS_DEPLOYMENT_TARGET = 15.0;
				LD_RUNPATH_SEARCH_PATHS = (
					"$(inherited)",
					"@executable_path/Frameworks",
				);
				MARKETING_VERSION = 1.0;
				PRODUCT_BUNDLE_IDENTIFIER = RebootCS.DrinkTrack;
				PRODUCT_NAME = "$(TARGET_NAME)";
				SWIFT_EMIT_LOC_STRINGS = YES;
				SWIFT_VERSION = 5.0;
				TARGETED_DEVICE_FAMILY = "1,2";
			};
			name = Debug;
		};
		44BBEBD32C7343A600B3A9B2 /* Release */ = {
			isa = XCBuildConfiguration;
			buildSettings = {
				ASSETCATALOG_COMPILER_APPICON_NAME = AppIcon;
				ASSETCATALOG_COMPILER_GLOBAL_ACCENT_COLOR_NAME = AccentColor;
				CODE_SIGN_STYLE = Automatic;
				CURRENT_PROJECT_VERSION = 1;
				DEVELOPMENT_TEAM = 38GUMQYKGG;
				GENERATE_INFOPLIST_FILE = YES;
				INFOPLIST_FILE = DrinkTrack/Info.plist;
				INFOPLIST_KEY_UIApplicationSupportsIndirectInputEvents = YES;
				INFOPLIST_KEY_UILaunchStoryboardName = LaunchScreen;
				INFOPLIST_KEY_UIMainStoryboardFile = Main;
				INFOPLIST_KEY_UISupportedInterfaceOrientations_iPad = "UIInterfaceOrientationPortrait UIInterfaceOrientationPortraitUpsideDown UIInterfaceOrientationLandscapeLeft UIInterfaceOrientationLandscapeRight";
				INFOPLIST_KEY_UISupportedInterfaceOrientations_iPhone = "UIInterfaceOrientationPortrait UIInterfaceOrientationLandscapeLeft UIInterfaceOrientationLandscapeRight";
				IPHONEOS_DEPLOYMENT_TARGET = 15.0;
				LD_RUNPATH_SEARCH_PATHS = (
					"$(inherited)",
					"@executable_path/Frameworks",
				);
				MARKETING_VERSION = 1.0;
				PRODUCT_BUNDLE_IDENTIFIER = RebootCS.DrinkTrack;
				PRODUCT_NAME = "$(TARGET_NAME)";
				SWIFT_EMIT_LOC_STRINGS = YES;
				SWIFT_VERSION = 5.0;
				TARGETED_DEVICE_FAMILY = "1,2";
			};
			name = Release;
		};
/* End XCBuildConfiguration section */

/* Begin XCConfigurationList section */
		44BBEBB52C7343A300B3A9B2 /* Build configuration list for PBXProject "DrinkTrack" */ = {
			isa = XCConfigurationList;
			buildConfigurations = (
				44BBEBCF2C7343A600B3A9B2 /* Debug */,
				44BBEBD02C7343A600B3A9B2 /* Release */,
			);
			defaultConfigurationIsVisible = 0;
			defaultConfigurationName = Release;
		};
		44BBEBD12C7343A600B3A9B2 /* Build configuration list for PBXNativeTarget "DrinkTrack" */ = {
			isa = XCConfigurationList;
			buildConfigurations = (
				44BBEBD22C7343A600B3A9B2 /* Debug */,
				44BBEBD32C7343A600B3A9B2 /* Release */,
			);
			defaultConfigurationIsVisible = 0;
			defaultConfigurationName = Release;
		};
/* End XCConfigurationList section */

/* Begin XCVersionGroup section */
		44BBEBC62C7343A300B3A9B2 /* DrinkTrack.xcdatamodeld */ = {
			isa = XCVersionGroup;
			children = (
				44BBEBC72C7343A300B3A9B2 /* DrinkTrack.xcdatamodel */,
			);
			currentVersion = 44BBEBC72C7343A300B3A9B2 /* DrinkTrack.xcdatamodel */;
			path = DrinkTrack.xcdatamodeld;
			sourceTree = "<group>";
			versionGroupType = wrapper.xcdatamodel;
		};
/* End XCVersionGroup section */
	};
	rootObject = 44BBEBB22C7343A300B3A9B2 /* Project object */;
}
